
Microsoft Visual Studio Solution File, Format Version 12.00
# Visual Studio Version 16
VisualStudioVersion = 16.0.31019.35
MinimumVisualStudioVersion = 10.0.40219.1
Project("{8BC9CEB8-8B4A-11D0-8D11-00A0C91BC942}") = "LabP_3", "LabP_3\LabP_3.vcxproj", "{5264D448-2300-45CA-B1DB-D513D800974B}"
EndProject
Global
	GlobalSection(SolutionConfigurationPlatforms) = preSolution
		Debug|x64 = Debug|x64
		Debug|x86 = Debug|x86
		Release|x64 = Release|x64
		Release|x86 = Release|x86
	EndGlobalSection
	GlobalSection(ProjectConfigurationPlatforms) = postSolution
		{5264D448-2300-45CA-B1DB-D513D800974B}.Debug|x64.ActiveCfg = Debug|x64
		{5264D448-2300-45CA-B1DB-D513D800974B}.Debug|x64.Build.0 = Debug|x64
		{5264D448-2300-45CA-B1DB-D513D800974B}.Debug|x86.ActiveCfg = Debug|Win32
		{5264D448-2300-45CA-B1DB-D513D800974B}.Debug|x86.Build.0 = Debug|Win32
		{5264D448-2300-45CA-B1DB-D513D800974B}.Release|x64.ActiveCfg = Release|x64
		{5264D448-2300-45CA-B1DB-D513D800974B}.Release|x64.Build.0 = Release|x64
		{5264D448-2300-45CA-B1DB-D513D800974B}.Release|x86.ActiveCfg = Release|Win32
		{5264D448-2300-45CA-B1DB-D513D800974B}.Release|x86.Build.0 = Release|Win32
	EndGlobalSection
	GlobalSection(SolutionProperties) = preSolution
		HideSolutionNode = FALSE
	EndGlobalSection
	GlobalSection(ExtensibilityGlobals) = postSolution
		SolutionGuid = {22B1D012-AAC8-4FE9-880F-B3EA898D0321}
	EndGlobalSection
EndGlobal
